// !$*UTF8*$!
{
	archiveVersion = 1;
	classes = {
	};
	objectVersion = 50;
	objects = {

/* Begin PBXBuildFile section */
		BD13A51924144AA200BE1D2F /* AppDelegate.swift in Sources */ = {isa = PBXBuildFile; fileRef = BD13A51824144AA200BE1D2F /* AppDelegate.swift */; };
		BD13A51B24144AA200BE1D2F /* SceneDelegate.swift in Sources */ = {isa = PBXBuildFile; fileRef = BD13A51A24144AA200BE1D2F /* SceneDelegate.swift */; };
		BD13A51D24144AA200BE1D2F /* ContentView.swift in Sources */ = {isa = PBXBuildFile; fileRef = BD13A51C24144AA200BE1D2F /* ContentView.swift */; };
		BD13A51F24144AA400BE1D2F /* Assets.xcassets in Resources */ = {isa = PBXBuildFile; fileRef = BD13A51E24144AA400BE1D2F /* Assets.xcassets */; };
		BD13A52224144AA400BE1D2F /* Preview Assets.xcassets in Resources */ = {isa = PBXBuildFile; fileRef = BD13A52124144AA400BE1D2F /* Preview Assets.xcassets */; };
		BD13A52524144AA400BE1D2F /* LaunchScreen.storyboard in Resources */ = {isa = PBXBuildFile; fileRef = BD13A52324144AA400BE1D2F /* LaunchScreen.storyboard */; };
/* End PBXBuildFile section */

/* Begin PBXFileReference section */
		BD13A51524144AA200BE1D2F /* Meishi.app */ = {isa = PBXFileReference; explicitFileType = wrapper.application; includeInIndex = 0; path = Meishi.app; sourceTree = BUILT_PRODUCTS_DIR; };
		BD13A51824144AA200BE1D2F /* AppDelegate.swift */ = {isa = PBXFileReference; lastKnownFileType = sourcecode.swift; path = AppDelegate.swift; sourceTree = "<group>"; };
		BD13A51A24144AA200BE1D2F /* SceneDelegate.swift */ = {isa = PBXFileReference; lastKnownFileType = sourcecode.swift; path = SceneDelegate.swift; sourceTree = "<group>"; };
		BD13A51C24144AA200BE1D2F /* ContentView.swift */ = {isa = PBXFileReference; lastKnownFileType = sourcecode.swift; path = ContentView.swift; sourceTree = "<group>"; };
		BD13A51E24144AA400BE1D2F /* Assets.xcassets */ = {isa = PBXFileReference; lastKnownFileType = folder.assetcatalog; path = Assets.xcassets; sourceTree = "<group>"; };
		BD13A52124144AA400BE1D2F /* Preview Assets.xcassets */ = {isa = PBXFileReference; lastKnownFileType = folder.assetcatalog; path = "Preview Assets.xcassets"; sourceTree = "<group>"; };
		BD13A52424144AA400BE1D2F /* Base */ = {isa = PBXFileReference; lastKnownFileType = file.storyboard; name = Base; path = Base.lproj/LaunchScreen.storyboard; sourceTree = "<group>"; };
		BD13A52624144AA400BE1D2F /* Info.plist */ = {isa = PBXFileReference; lastKnownFileType = text.plist.xml; path = Info.plist; sourceTree = "<group>"; };
/* End PBXFileReference section */

/* Begin PBXFrameworksBuildPhase section */
		BD13A51224144AA200BE1D2F /* Frameworks */ = {
			isa = PBXFrameworksBuildPhase;
			buildActionMask = 2147483647;
			files = (
			);
			runOnlyForDeploymentPostprocessing = 0;
		};
/* End PBXFrameworksBuildPhase section */

/* Begin PBXGroup section */
		BD13A50C24144AA200BE1D2F = {
			isa = PBXGroup;
			children = (
				BD13A51724144AA200BE1D2F /* Meishi */,
				BD13A51624144AA200BE1D2F /* Products */,
			);
			sourceTree = "<group>";
		};
		BD13A51624144AA200BE1D2F /* Products */ = {
			isa = PBXGroup;
			children = (
				BD13A51524144AA200BE1D2F /* Meishi.app */,
			);
			name = Products;
			sourceTree = "<group>";
		};
		BD13A51724144AA200BE1D2F /* Meishi */ = {
			isa = PBXGroup;
			children = (
				BD13A51824144AA200BE1D2F /* AppDelegate.swift */,
				BD13A51A24144AA200BE1D2F /* SceneDelegate.swift */,
				BD13A51C24144AA200BE1D2F /* ContentView.swift */,
				BD13A51E24144AA400BE1D2F /* Assets.xcassets */,
				BD13A52324144AA400BE1D2F /* LaunchScreen.storyboard */,
				BD13A52624144AA400BE1D2F /* Info.plist */,
				BD13A52024144AA400BE1D2F /* Preview Content */,
			);
			path = Meishi;
			sourceTree = "<group>";
		};
		BD13A52024144AA400BE1D2F /* Preview Content */ = {
			isa = PBXGroup;
			children = (
				BD13A52124144AA400BE1D2F /* Preview Assets.xcassets */,
			);
			path = "Preview Content";
			sourceTree = "<group>";
		};
/* End PBXGroup section */

/* Begin PBXNativeTarget section */
		BD13A51424144AA200BE1D2F /* Meishi */ = {
			isa = PBXNativeTarget;
			buildConfigurationList = BD13A52924144AA400BE1D2F /* Build configuration list for PBXNativeTarget "Meishi" */;
			buildPhases = (
				BD13A51124144AA200BE1D2F /* Sources */,
				BD13A51224144AA200BE1D2F /* Frameworks */,
				BD13A51324144AA200BE1D2F /* Resources */,
			);
			buildRules = (
			);
			dependencies = (
			);
			name = Meishi;
			productName = Meishi;
			productReference = BD13A51524144AA200BE1D2F /* Meishi.app */;
			productType = "com.apple.product-type.application";
		};
/* End PBXNativeTarget section */

/* Begin PBXProject section */
		BD13A50D24144AA200BE1D2F /* Project object */ = {
			isa = PBXProject;
			attributes = {
				LastSwiftUpdateCheck = 1140;
				LastUpgradeCheck = 1140;
				ORGANIZATIONNAME = "Fernando Martin Garcia Del Angel";
				TargetAttributes = {
					BD13A51424144AA200BE1D2F = {
						CreatedOnToolsVersion = 11.4;
					};
				};
			};
			buildConfigurationList = BD13A51024144AA200BE1D2F /* Build configuration list for PBXProject "Meishi" */;
			compatibilityVersion = "Xcode 9.3";
			developmentRegion = en;
			hasScannedForEncodings = 0;
			knownRegions = (
				en,
				Base,
			);
			mainGroup = BD13A50C24144AA200BE1D2F;
			productRefGroup = BD13A51624144AA200BE1D2F /* Products */;
			projectDirPath = "";
			projectRoot = "";
			targets = (
				BD13A51424144AA200BE1D2F /* Meishi */,
			);
		};
/* End PBXProject section */

/* Begin PBXResourcesBuildPhase section */
		BD13A51324144AA200BE1D2F /* Resources */ = {
			isa = PBXResourcesBuildPhase;
			buildActionMask = 2147483647;
			files = (
				BD13A52524144AA400BE1D2F /* LaunchScreen.storyboard in Resources */,
				BD13A52224144AA400BE1D2F /* Preview Assets.xcassets in Resources */,
				BD13A51F24144AA400BE1D2F /* Assets.xcassets in Resources */,
			);
			runOnlyForDeploymentPostprocessing = 0;
		};
/* End PBXResourcesBuildPhase section */

/* Begin PBXSourcesBuildPhase section */
		BD13A51124144AA200BE1D2F /* Sources */ = {
			isa = PBXSourcesBuildPhase;
			buildActionMask = 2147483647;
			files = (
				BD13A51924144AA200BE1D2F /* AppDelegate.swift in Sources */,
				BD13A51B24144AA200BE1D2F /* SceneDelegate.swift in Sources */,
				BD13A51D24144AA200BE1D2F /* ContentView.swift in Sources */,
			);
			runOnlyForDeploymentPostprocessing = 0;
		};
/* End PBXSourcesBuildPhase section */

/* Begin PBXVariantGroup section */
		BD13A52324144AA400BE1D2F /* LaunchScreen.storyboard */ = {
			isa = PBXVariantGroup;
			children = (
				BD13A52424144AA400BE1D2F /* Base */,
			);
			name = LaunchScreen.storyboard;
			sourceTree = "<group>";
		};
/* End PBXVariantGroup section */

/* Begin XCBuildConfiguration section */
		BD13A52724144AA400BE1D2F /* Debug */ = {
			isa = XCBuildConfiguration;
			buildSettings = {
				ALWAYS_SEARCH_USER_PATHS = NO;
				CLANG_ANALYZER_NONNULL = YES;
				CLANG_ANALYZER_NUMBER_OBJECT_CONVERSION = YES_AGGRESSIVE;
				CLANG_CXX_LANGUAGE_STANDARD = "gnu++14";
				CLANG_CXX_LIBRARY = "libc++";
				CLANG_ENABLE_MODULES = YES;
				CLANG_ENABLE_OBJC_ARC = YES;
				CLANG_ENABLE_OBJC_WEAK = YES;
				CLANG_WARN_BLOCK_CAPTURE_AUTORELEASING = YES;
				CLANG_WARN_BOOL_CONVERSION = YES;
				CLANG_WARN_COMMA = YES;
				CLANG_WARN_CONSTANT_CONVERSION = YES;
				CLANG_WARN_DEPRECATED_OBJC_IMPLEMENTATIONS = YES;
				CLANG_WARN_DIRECT_OBJC_ISA_USAGE = YES_ERROR;
				CLANG_WARN_DOCUMENTATION_COMMENTS = YES;
				CLANG_WARN_EMPTY_BODY = YES;
				CLANG_WARN_ENUM_CONVERSION = YES;
				CLANG_WARN_INFINITE_RECURSION = YES;
				CLANG_WARN_INT_CONVERSION = YES;
				CLANG_WARN_NON_LITERAL_NULL_CONVERSION = YES;
				CLANG_WARN_OBJC_IMPLICIT_RETAIN_SELF = YES;
				CLANG_WARN_OBJC_LITERAL_CONVERSION = YES;
				CLANG_WARN_OBJC_ROOT_CLASS = YES_ERROR;
				CLANG_WARN_RANGE_LOOP_ANALYSIS = YES;
				CLANG_WARN_STRICT_PROTOTYPES = YES;
				CLANG_WARN_SUSPICIOUS_MOVE = YES;
				CLANG_WARN_UNGUARDED_AVAILABILITY = YES_AGGRESSIVE;
				CLANG_WARN_UNREACHABLE_CODE = YES;
				CLANG_WARN__DUPLICATE_METHOD_MATCH = YES;
				COPY_PHASE_STRIP = NO;
				DEBUG_INFORMATION_FORMAT = dwarf;
				ENABLE_STRICT_OBJC_MSGSEND = YES;
				ENABLE_TESTABILITY = YES;
				GCC_C_LANGUAGE_STANDARD = gnu11;
				GCC_DYNAMIC_NO_PIC = NO;
				GCC_NO_COMMON_BLOCKS = YES;
				GCC_OPTIMIZATION_LEVEL = 0;
				GCC_PREPROCESSOR_DEFINITIONS = (
					"DEBUG=1",
					"$(inherited)",
				);
				GCC_WARN_64_TO_32_BIT_CONVERSION = YES;
				GCC_WARN_ABOUT_RETURN_TYPE = YES_ERROR;
				GCC_WARN_UNDECLARED_SELECTOR = YES;
				GCC_WARN_UNINITIALIZED_AUTOS = YES_AGGRESSIVE;
				GCC_WARN_UNUSED_FUNCTION = YES;
				GCC_WARN_UNUSED_VARIABLE = YES;
				IPHONEOS_DEPLOYMENT_TARGET = 13.4;
				MTL_ENABLE_DEBUG_INFO = INCLUDE_SOURCE;
				MTL_FAST_MATH = YES;
				ONLY_ACTIVE_ARCH = YES;
				SDKROOT = iphoneos;
				SWIFT_ACTIVE_COMPILATION_CONDITIONS = DEBUG;
				SWIFT_OPTIMIZATION_LEVEL = "-Onone";
			};
			name = Debug;
		};
		BD13A52824144AA400BE1D2F /* Release */ = {
			isa = XCBuildConfiguration;
			buildSettings = {
				ALWAYS_SEARCH_USER_PATHS = NO;
				CLANG_ANALYZER_NONNULL = YES;
				CLANG_ANALYZER_NUMBER_OBJECT_CONVERSION = YES_AGGRESSIVE;
				CLANG_CXX_LANGUAGE_STANDARD = "gnu++14";
				CLANG_CXX_LIBRARY = "libc++";
				CLANG_ENABLE_MODULES = YES;
				CLANG_ENABLE_OBJC_ARC = YES;
				CLANG_ENABLE_OBJC_WEAK = YES;
				CLANG_WARN_BLOCK_CAPTURE_AUTORELEASING = YES;
				CLANG_WARN_BOOL_CONVERSION = YES;
				CLANG_WARN_COMMA = YES;
				CLANG_WARN_CONSTANT_CONVERSION = YES;
				CLANG_WARN_DEPRECATED_OBJC_IMPLEMENTATIONS = YES;
				CLANG_WARN_DIRECT_OBJC_ISA_USAGE = YES_ERROR;
				CLANG_WARN_DOCUMENTATION_COMMENTS = YES;
				CLANG_WARN_EMPTY_BODY = YES;
				CLANG_WARN_ENUM_CONVERSION = YES;
				CLANG_WARN_INFINITE_RECURSION = YES;
				CLANG_WARN_INT_CONVERSION = YES;
				CLANG_WARN_NON_LITERAL_NULL_CONVERSION = YES;
				CLANG_WARN_OBJC_IMPLICIT_RETAIN_SELF = YES;
				CLANG_WARN_OBJC_LITERAL_CONVERSION = YES;
				CLANG_WARN_OBJC_ROOT_CLASS = YES_ERROR;
				CLANG_WARN_RANGE_LOOP_ANALYSIS = YES;
				CLANG_WARN_STRICT_PROTOTYPES = YES;
				CLANG_WARN_SUSPICIOUS_MOVE = YES;
				CLANG_WARN_UNGUARDED_AVAILABILITY = YES_AGGRESSIVE;
				CLANG_WARN_UNREACHABLE_CODE = YES;
				CLANG_WARN__DUPLICATE_METHOD_MATCH = YES;
				COPY_PHASE_STRIP = NO;
				DEBUG_INFORMATION_FORMAT = "dwarf-with-dsym";
				ENABLE_NS_ASSERTIONS = NO;
				ENABLE_STRICT_OBJC_MSGSEND = YES;
				GCC_C_LANGUAGE_STANDARD = gnu11;
				GCC_NO_COMMON_BLOCKS = YES;
				GCC_WARN_64_TO_32_BIT_CONVERSION = YES;
				GCC_WARN_ABOUT_RETURN_TYPE = YES_ERROR;
				GCC_WARN_UNDECLARED_SELECTOR = YES;
				GCC_WARN_UNINITIALIZED_AUTOS = YES_AGGRESSIVE;
				GCC_WARN_UNUSED_FUNCTION = YES;
				GCC_WARN_UNUSED_VARIABLE = YES;
				IPHONEOS_DEPLOYMENT_TARGET = 13.4;
				MTL_ENABLE_DEBUG_INFO = NO;
				MTL_FAST_MATH = YES;
				SDKROOT = iphoneos;
				SWIFT_COMPILATION_MODE = wholemodule;
				SWIFT_OPTIMIZATION_LEVEL = "-O";
				VALIDATE_PRODUCT = YES;
			};
			name = Release;
		};
		BD13A52A24144AA400BE1D2F /* Debug */ = {
			isa = XCBuildConfiguration;
			buildSettings = {
				ASSETCATALOG_COMPILER_APPICON_NAME = AppIcon;
				CODE_SIGN_STYLE = Automatic;
				DEVELOPMENT_ASSET_PATHS = "\"Meishi/Preview Content\"";
				DEVELOPMENT_TEAM = R935X42Z66;
				ENABLE_PREVIEWS = YES;
				INFOPLIST_FILE = Meishi/Info.plist;
				LD_RUNPATH_SEARCH_PATHS = (
					"$(inherited)",
					"@executable_path/Frameworks",
				);
				PRODUCT_BUNDLE_IDENTIFIER = com.martntn.Meishi;
				PRODUCT_NAME = "$(TARGET_NAME)";
				SWIFT_VERSION = 5.0;
				TARGETED_DEVICE_FAMILY = "1,2";
			};
			name = Debug;
		};
		BD13A52B24144AA400BE1D2F /* Release */ = {
			isa = XCBuildConfiguration;
			buildSettings = {
				ASSETCATALOG_COMPILER_APPICON_NAME = AppIcon;
				CODE_SIGN_STYLE = Automatic;
				DEVELOPMENT_ASSET_PATHS = "\"Meishi/Preview Content\"";
				DEVELOPMENT_TEAM = R935X42Z66;
				ENABLE_PREVIEWS = YES;
				INFOPLIST_FILE = Meishi/Info.plist;
				LD_RUNPATH_SEARCH_PATHS = (
					"$(inherited)",
					"@executable_path/Frameworks",
				);
				PRODUCT_BUNDLE_IDENTIFIER = com.martntn.Meishi;
				PRODUCT_NAME = "$(TARGET_NAME)";
				SWIFT_VERSION = 5.0;
				TARGETED_DEVICE_FAMILY = "1,2";
			};
			name = Release;
		};
/* End XCBuildConfiguration section */

/* Begin XCConfigurationList section */
		BD13A51024144AA200BE1D2F /* Build configuration list for PBXProject "Meishi" */ = {
			isa = XCConfigurationList;
			buildConfigurations = (
				BD13A52724144AA400BE1D2F /* Debug */,
				BD13A52824144AA400BE1D2F /* Release */,
			);
			defaultConfigurationIsVisible = 0;
			defaultConfigurationName = Release;
		};
		BD13A52924144AA400BE1D2F /* Build configuration list for PBXNativeTarget "Meishi" */ = {
			isa = XCConfigurationList;
			buildConfigurations = (
				BD13A52A24144AA400BE1D2F /* Debug */,
				BD13A52B24144AA400BE1D2F /* Release */,
			);
			defaultConfigurationIsVisible = 0;
			defaultConfigurationName = Release;
		};
/* End XCConfigurationList section */
	};
	rootObject = BD13A50D24144AA200BE1D2F /* Project object */;
}
